// !$*UTF8*$!
{
	archiveVersion = 1;
	classes = {
	};
	objectVersion = 46;
	objects = {

/* Begin PBXBuildFile section */
		5BC5AEA615EE83AB0021854F /* UIKit.framework in Frameworks */ = {isa = PBXBuildFile; fileRef = 5BC5AEA515EE83AB0021854F /* UIKit.framework */; };
		5BC5AEA815EE83AB0021854F /* Foundation.framework in Frameworks */ = {isa = PBXBuildFile; fileRef = 5BC5AEA715EE83AB0021854F /* Foundation.framework */; };
		5BC5AEAA15EE83AB0021854F /* CoreGraphics.framework in Frameworks */ = {isa = PBXBuildFile; fileRef = 5BC5AEA915EE83AB0021854F /* CoreGraphics.framework */; };
		5BC5AEE315EE88300021854F /* MainStoryboard.storyboard in Resources */ = {isa = PBXBuildFile; fileRef = 5BC5AEE115EE88300021854F /* MainStoryboard.storyboard */; };
		5BC5AEEC15EE88CC0021854F /* InfoPlist.strings in Resources */ = {isa = PBXBuildFile; fileRef = 5BC5AEEA15EE88CC0021854F /* InfoPlist.strings */; };
		5BC5AEEE15EE89130021854F /* main.m in Sources */ = {isa = PBXBuildFile; fileRef = 5BC5AEED15EE89130021854F /* main.m */; };
		5BC5AEF015EE8B9C0021854F /* BBAppDelegate.m in Sources */ = {isa = PBXBuildFile; fileRef = 5BC5AED715EE87F20021854F /* BBAppDelegate.m */; };
		5BC5AEF115EE8B9C0021854F /* BBRecipe.m in Sources */ = {isa = PBXBuildFile; fileRef = 5BC5AED915EE87F20021854F /* BBRecipe.m */; };
		5BC5AEF215EE8B9C0021854F /* BBRecipesListViewController.m in Sources */ = {isa = PBXBuildFile; fileRef = 5BC5AEDC15EE87F20021854F /* BBRecipesListViewController.m */; };
		5BC5AEF315EE8B9C0021854F /* BBRecipesSource.m in Sources */ = {isa = PBXBuildFile; fileRef = 5BC5AEDE15EE87F20021854F /* BBRecipesSource.m */; };
		5BC5AEF415EE8B9C0021854F /* BBViewController.m in Sources */ = {isa = PBXBuildFile; fileRef = 5BC5AEE015EE87F20021854F /* BBViewController.m */; };
		5BC5AEFC15EE8CB50021854F /* iphoneicon.png in Resources */ = {isa = PBXBuildFile; fileRef = 5BC5AEFB15EE8CB50021854F /* iphoneicon.png */; };
		5BC5AEFE15EE8CB80021854F /* iphoneiconretina.png in Resources */ = {isa = PBXBuildFile; fileRef = 5BC5AEFD15EE8CB80021854F /* iphoneiconretina.png */; };
/* End PBXBuildFile section */

/* Begin PBXFileReference section */
		5BC5AEA115EE83AB0021854F /* Recipes.app */ = {isa = PBXFileReference; explicitFileType = wrapper.application; includeInIndex = 0; path = Recipes.app; sourceTree = BUILT_PRODUCTS_DIR; };
		5BC5AEA515EE83AB0021854F /* UIKit.framework */ = {isa = PBXFileReference; lastKnownFileType = wrapper.framework; name = UIKit.framework; path = System/Library/Frameworks/UIKit.framework; sourceTree = SDKROOT; };
		5BC5AEA715EE83AB0021854F /* Foundation.framework */ = {isa = PBXFileReference; lastKnownFileType = wrapper.framework; name = Foundation.framework; path = System/Library/Frameworks/Foundation.framework; sourceTree = SDKROOT; };
		5BC5AEA915EE83AB0021854F /* CoreGraphics.framework */ = {isa = PBXFileReference; lastKnownFileType = wrapper.framework; name = CoreGraphics.framework; path = System/Library/Frameworks/CoreGraphics.framework; sourceTree = SDKROOT; };
		5BC5AED615EE87F20021854F /* BBAppDelegate.h */ = {isa = PBXFileReference; fileEncoding = 4; lastKnownFileType = sourcecode.c.h; name = BBAppDelegate.h; path = Recipes/BBAppDelegate.h; sourceTree = SOURCE_ROOT; };
		5BC5AED715EE87F20021854F /* BBAppDelegate.m */ = {isa = PBXFileReference; lastKnownFileType = sourcecode.c.objc; name = BBAppDelegate.m; path = Recipes/BBAppDelegate.m; sourceTree = SOURCE_ROOT; };
		5BC5AED815EE87F20021854F /* BBRecipe.h */ = {isa = PBXFileReference; lastKnownFileType = sourcecode.c.h; name = BBRecipe.h; path = Recipes/BBRecipe.h; sourceTree = SOURCE_ROOT; };
		5BC5AED915EE87F20021854F /* BBRecipe.m */ = {isa = PBXFileReference; lastKnownFileType = sourcecode.c.objc; name = BBRecipe.m; path = Recipes/BBRecipe.m; sourceTree = SOURCE_ROOT; };
		5BC5AEDA15EE87F20021854F /* BBRecipesListDataSource.h */ = {isa = PBXFileReference; lastKnownFileType = sourcecode.c.h; name = BBRecipesListDataSource.h; path = Recipes/BBRecipesListDataSource.h; sourceTree = SOURCE_ROOT; };
		5BC5AEDB15EE87F20021854F /* BBRecipesListViewController.h */ = {isa = PBXFileReference; lastKnownFileType = sourcecode.c.h; name = BBRecipesListViewController.h; path = Recipes/BBRecipesListViewController.h; sourceTree = SOURCE_ROOT; };
		5BC5AEDC15EE87F20021854F /* BBRecipesListViewController.m */ = {isa = PBXFileReference; lastKnownFileType = sourcecode.c.objc; name = BBRecipesListViewController.m; path = Recipes/BBRecipesListViewController.m; sourceTree = SOURCE_ROOT; };
		5BC5AEDD15EE87F20021854F /* BBRecipesSource.h */ = {isa = PBXFileReference; lastKnownFileType = sourcecode.c.h; name = BBRecipesSource.h; path = Recipes/BBRecipesSource.h; sourceTree = SOURCE_ROOT; };
		5BC5AEDE15EE87F20021854F /* BBRecipesSource.m */ = {isa = PBXFileReference; lastKnownFileType = sourcecode.c.objc; name = BBRecipesSource.m; path = Recipes/BBRecipesSource.m; sourceTree = SOURCE_ROOT; };
		5BC5AEDF15EE87F20021854F /* BBViewController.h */ = {isa = PBXFileReference; lastKnownFileType = sourcecode.c.h; name = BBViewController.h; path = Recipes/BBViewController.h; sourceTree = SOURCE_ROOT; };
		5BC5AEE015EE87F20021854F /* BBViewController.m */ = {isa = PBXFileReference; lastKnownFileType = sourcecode.c.objc; name = BBViewController.m; path = Recipes/BBViewController.m; sourceTree = SOURCE_ROOT; };
		5BC5AEE215EE88300021854F /* en */ = {isa = PBXFileReference; lastKnownFileType = file.storyboard; name = en; path = Recipes/en.lproj/MainStoryboard.storyboard; sourceTree = SOURCE_ROOT; };
		5BC5AEE415EE884E0021854F /* Recipes-Info.plist */ = {isa = PBXFileReference; fileEncoding = 4; lastKnownFileType = text.plist.xml; name = "Recipes-Info.plist"; path = "Recipes/Recipes-Info.plist"; sourceTree = SOURCE_ROOT; };
		5BC5AEE615EE886E0021854F /* cookies.png */ = {isa = PBXFileReference; lastKnownFileType = image.png; name = cookies.png; path = Recipes/cookies.png; sourceTree = SOURCE_ROOT; };
		5BC5AEEB15EE88CC0021854F /* en */ = {isa = PBXFileReference; lastKnownFileType = text.plist.strings; name = en; path = Recipes/en.lproj/InfoPlist.strings; sourceTree = SOURCE_ROOT; };
		5BC5AEED15EE89130021854F /* main.m */ = {isa = PBXFileReference; fileEncoding = 4; lastKnownFileType = sourcecode.c.objc; name = main.m; path = Recipes/main.m; sourceTree = SOURCE_ROOT; };
		5BC5AEEF15EE89B40021854F /* Recipes-Prefix.pch */ = {isa = PBXFileReference; lastKnownFileType = sourcecode.c.h; name = "Recipes-Prefix.pch"; path = "Recipes/Recipes-Prefix.pch"; sourceTree = SOURCE_ROOT; };
		5BC5AEFB15EE8CB50021854F /* iphoneicon.png */ = {isa = PBXFileReference; lastKnownFileType = image.png; path = iphoneicon.png; sourceTree = "<group>"; };
		5BC5AEFD15EE8CB80021854F /* iphoneiconretina.png */ = {isa = PBXFileReference; lastKnownFileType = image.png; path = iphoneiconretina.png; sourceTree = "<group>"; };
/* End PBXFileReference section */

/* Begin PBXFrameworksBuildPhase section */
		5BC5AE9E15EE83AB0021854F /* Frameworks */ = {
			isa = PBXFrameworksBuildPhase;
			buildActionMask = 2147483647;
			files = (
				5BC5AEA615EE83AB0021854F /* UIKit.framework in Frameworks */,
				5BC5AEA815EE83AB0021854F /* Foundation.framework in Frameworks */,
				5BC5AEAA15EE83AB0021854F /* CoreGraphics.framework in Frameworks */,
			);
			runOnlyForDeploymentPostprocessing = 0;
		};
/* End PBXFrameworksBuildPhase section */

/* Begin PBXGroup section */
		5BC5AE9615EE83AB0021854F = {
			isa = PBXGroup;
			children = (
				5BC5AEFD15EE8CB80021854F /* iphoneiconretina.png */,
				5BC5AEFB15EE8CB50021854F /* iphoneicon.png */,
				5BC5AEAB15EE83AB0021854F /* Recipes */,
				5BC5AEA415EE83AB0021854F /* Frameworks */,
				5BC5AEA215EE83AB0021854F /* Products */,
			);
			sourceTree = "<group>";
		};
		5BC5AEA215EE83AB0021854F /* Products */ = {
			isa = PBXGroup;
			children = (
				5BC5AEA115EE83AB0021854F /* Recipes.app */,
			);
			name = Products;
			sourceTree = "<group>";
		};
		5BC5AEA415EE83AB0021854F /* Frameworks */ = {
			isa = PBXGroup;
			children = (
				5BC5AEA515EE83AB0021854F /* UIKit.framework */,
				5BC5AEA715EE83AB0021854F /* Foundation.framework */,
				5BC5AEA915EE83AB0021854F /* CoreGraphics.framework */,
			);
			name = Frameworks;
			sourceTree = "<group>";
		};
		5BC5AEAB15EE83AB0021854F /* Recipes */ = {
			isa = PBXGroup;
			children = (
				5BC5AEE115EE88300021854F /* MainStoryboard.storyboard */,
				5BC5AED615EE87F20021854F /* BBAppDelegate.h */,
				5BC5AED715EE87F20021854F /* BBAppDelegate.m */,
				5BC5AED815EE87F20021854F /* BBRecipe.h */,
				5BC5AED915EE87F20021854F /* BBRecipe.m */,
				5BC5AEDA15EE87F20021854F /* BBRecipesListDataSource.h */,
				5BC5AEDB15EE87F20021854F /* BBRecipesListViewController.h */,
				5BC5AEDC15EE87F20021854F /* BBRecipesListViewController.m */,
				5BC5AEDD15EE87F20021854F /* BBRecipesSource.h */,
				5BC5AEDE15EE87F20021854F /* BBRecipesSource.m */,
				5BC5AEDF15EE87F20021854F /* BBViewController.h */,
				5BC5AEE015EE87F20021854F /* BBViewController.m */,
				5BC5AEAC15EE83AB0021854F /* Supporting Files */,
			);
			name = Recipes;
			path = StoryboardRecipes;
			sourceTree = "<group>";
		};
		5BC5AEAC15EE83AB0021854F /* Supporting Files */ = {
			isa = PBXGroup;
			children = (
				5BC5AEEF15EE89B40021854F /* Recipes-Prefix.pch */,
				5BC5AEED15EE89130021854F /* main.m */,
				5BC5AEEA15EE88CC0021854F /* InfoPlist.strings */,
				5BC5AEE415EE884E0021854F /* Recipes-Info.plist */,
				5BC5AED115EE83DB0021854F /* Images */,
			);
			name = "Supporting Files";
			sourceTree = "<group>";
		};
		5BC5AED115EE83DB0021854F /* Images */ = {
			isa = PBXGroup;
			children = (
				5BC5AEE615EE886E0021854F /* cookies.png */,
			);
			name = Images;
			sourceTree = "<group>";
		};
/* End PBXGroup section */

/* Begin PBXNativeTarget section */
		5BC5AEA015EE83AB0021854F /* Recipes */ = {
			isa = PBXNativeTarget;
			buildConfigurationList = 5BC5AEBF15EE83AB0021854F /* Build configuration list for PBXNativeTarget "Recipes" */;
			buildPhases = (
				5BC5AE9D15EE83AB0021854F /* Sources */,
				5BC5AE9E15EE83AB0021854F /* Frameworks */,
				5BC5AE9F15EE83AB0021854F /* Resources */,
			);
			buildRules = (
			);
			dependencies = (
			);
			name = Recipes;
			productName = StoryboardRecipes;
			productReference = 5BC5AEA115EE83AB0021854F /* Recipes.app */;
			productType = "com.apple.product-type.application";
		};
/* End PBXNativeTarget section */

/* Begin PBXProject section */
		5BC5AE9815EE83AB0021854F /* Project object */ = {
			isa = PBXProject;
			attributes = {
				CLASSPREFIX = BB;
				LastUpgradeCheck = 0450;
				ORGANIZATIONNAME = "Bill Bear";
			};
			buildConfigurationList = 5BC5AE9B15EE83AB0021854F /* Build configuration list for PBXProject "Recipes" */;
			compatibilityVersion = "Xcode 3.2";
			developmentRegion = English;
			hasScannedForEncodings = 0;
			knownRegions = (
				en,
			);
			mainGroup = 5BC5AE9615EE83AB0021854F;
			productRefGroup = 5BC5AEA215EE83AB0021854F /* Products */;
			projectDirPath = "";
			projectRoot = "";
			targets = (
				5BC5AEA015EE83AB0021854F /* Recipes */,
			);
		};
/* End PBXProject section */

/* Begin PBXResourcesBuildPhase section */
		5BC5AE9F15EE83AB0021854F /* Resources */ = {
			isa = PBXResourcesBuildPhase;
			buildActionMask = 2147483647;
			files = (
				5BC5AEE315EE88300021854F /* MainStoryboard.storyboard in Resources */,
				5BC5AEEC15EE88CC0021854F /* InfoPlist.strings in Resources */,
				5BC5AEFC15EE8CB50021854F /* iphoneicon.png in Resources */,
				5BC5AEFE15EE8CB80021854F /* iphoneiconretina.png in Resources */,
			);
			runOnlyForDeploymentPostprocessing = 0;
		};
/* End PBXResourcesBuildPhase section */

/* Begin PBXSourcesBuildPhase section */
		5BC5AE9D15EE83AB0021854F /* Sources */ = {
			isa = PBXSourcesBuildPhase;
			buildActionMask = 2147483647;
			files = (
				5BC5AEF015EE8B9C0021854F /* BBAppDelegate.m in Sources */,
				5BC5AEF115EE8B9C0021854F /* BBRecipe.m in Sources */,
				5BC5AEF215EE8B9C0021854F /* BBRecipesListViewController.m in Sources */,
				5BC5AEF315EE8B9C0021854F /* BBRecipesSource.m in Sources */,
				5BC5AEF415EE8B9C0021854F /* BBViewController.m in Sources */,
				5BC5AEEE15EE89130021854F /* main.m in Sources */,
			);
			runOnlyForDeploymentPostprocessing = 0;
		};
/* End PBXSourcesBuildPhase section */

/* Begin PBXVariantGroup section */
		5BC5AEE115EE88300021854F /* MainStoryboard.storyboard */ = {
			isa = PBXVariantGroup;
			children = (
				5BC5AEE215EE88300021854F /* en */,
			);
			name = MainStoryboard.storyboard;
			sourceTree = "<group>";
		};
		5BC5AEEA15EE88CC0021854F /* InfoPlist.strings */ = {
			isa = PBXVariantGroup;
			children = (
				5BC5AEEB15EE88CC0021854F /* en */,
			);
			name = InfoPlist.strings;
			sourceTree = "<group>";
		};
/* End PBXVariantGroup section */

/* Begin XCBuildConfiguration section */
		5BC5AEBD15EE83AB0021854F /* Debug */ = {
			isa = XCBuildConfiguration;
			buildSettings = {
				ALWAYS_SEARCH_USER_PATHS = NO;
				CLANG_CXX_LANGUAGE_STANDARD = "gnu++0x";
				CLANG_CXX_LIBRARY = "libc++";
				CLANG_ENABLE_OBJC_ARC = YES;
				CLANG_WARN__DUPLICATE_METHOD_MATCH = YES;
				"CODE_SIGN_IDENTITY[sdk=iphoneos*]" = "iPhone Developer";
				COPY_PHASE_STRIP = NO;
				GCC_C_LANGUAGE_STANDARD = gnu99;
				GCC_DYNAMIC_NO_PIC = NO;
				GCC_OPTIMIZATION_LEVEL = 0;
				GCC_PREPROCESSOR_DEFINITIONS = (
					"DEBUG=1",
					"$(inherited)",
				);
				GCC_SYMBOLS_PRIVATE_EXTERN = NO;
				GCC_WARN_ABOUT_RETURN_TYPE = YES;
				GCC_WARN_UNINITIALIZED_AUTOS = YES;
				GCC_WARN_UNUSED_VARIABLE = YES;
				IPHONEOS_DEPLOYMENT_TARGET = 6.0;
				SDKROOT = iphoneos;
			};
			name = Debug;
		};
		5BC5AEBE15EE83AB0021854F /* Release */ = {
			isa = XCBuildConfiguration;
			buildSettings = {
				ALWAYS_SEARCH_USER_PATHS = NO;
				CLANG_CXX_LANGUAGE_STANDARD = "gnu++0x";
				CLANG_CXX_LIBRARY = "libc++";
				CLANG_ENABLE_OBJC_ARC = YES;
				CLANG_WARN__DUPLICATE_METHOD_MATCH = YES;
				"CODE_SIGN_IDENTITY[sdk=iphoneos*]" = "iPhone Developer";
				COPY_PHASE_STRIP = YES;
				GCC_C_LANGUAGE_STANDARD = gnu99;
				GCC_WARN_ABOUT_RETURN_TYPE = YES;
				GCC_WARN_UNINITIALIZED_AUTOS = YES;
				GCC_WARN_UNUSED_VARIABLE = YES;
				IPHONEOS_DEPLOYMENT_TARGET = 6.0;
				OTHER_CFLAGS = "-DNS_BLOCK_ASSERTIONS=1";
				SDKROOT = iphoneos;
				VALIDATE_PRODUCT = YES;
			};
			name = Release;
		};
		5BC5AEC015EE83AB0021854F /* Debug */ = {
			isa = XCBuildConfiguration;
			buildSettings = {
				GCC_PRECOMPILE_PREFIX_HEADER = YES;
				GCC_PREFIX_HEADER = "Recipes/Recipes-Prefix.pch";
				INFOPLIST_FILE = "Recipes/Recipes-Info.plist";
				PRODUCT_NAME = Recipes;
				WRAPPER_EXTENSION = app;
			};
			name = Debug;
		};
		5BC5AEC115EE83AB0021854F /* Release */ = {
			isa = XCBuildConfiguration;
			buildSettings = {
				GCC_PRECOMPILE_PREFIX_HEADER = YES;
				GCC_PREFIX_HEADER = "Recipes/Recipes-Prefix.pch";
				INFOPLIST_FILE = "Recipes/Recipes-Info.plist";
				PRODUCT_NAME = Recipes;
				WRAPPER_EXTENSION = app;
			};
			name = Release;
		};
/* End XCBuildConfiguration section */

/* Begin XCConfigurationList section */
		5BC5AE9B15EE83AB0021854F /* Build configuration list for PBXProject "Recipes" */ = {
			isa = XCConfigurationList;
			buildConfigurations = (
				5BC5AEBD15EE83AB0021854F /* Debug */,
				5BC5AEBE15EE83AB0021854F /* Release */,
			);
			defaultConfigurationIsVisible = 0;
			defaultConfigurationName = Release;
		};
		5BC5AEBF15EE83AB0021854F /* Build configuration list for PBXNativeTarget "Recipes" */ = {
			isa = XCConfigurationList;
			buildConfigurations = (
				5BC5AEC015EE83AB0021854F /* Debug */,
				5BC5AEC115EE83AB0021854F /* Release */,
			);
			defaultConfigurationIsVisible = 0;
		};
/* End XCConfigurationList section */
	};
	rootObject = 5BC5AE9815EE83AB0021854F /* Project object */;
}
